
Microsoft Visual Studio Solution File, Format Version 12.00
# Visual Studio 2013
VisualStudioVersion = 12.0.30110.0
MinimumVisualStudioVersion = 10.0.40219.1
Project("{FAE04EC0-301F-11D3-BF4B-00C04F79EFBC}") = "GetStartedWithMobileServices", "GetStartedWithMobileServices\GetStartedWithMobileServices.csproj", "{5AC42459-C775-4DE0-A241-E50FF9D524E1}"
EndProject
Project("{FAE04EC0-301F-11D3-BF4B-00C04F79EFBC}") = "TodoItemsWP", "TodoItemsWP\TodoItemsWP.csproj", "{56A7DEC6-E447-4DF5-A9C0-CF4C2BD77E33}"
EndProject
Project("{FAE04EC0-301F-11D3-BF4B-00C04F79EFBC}") = "Model", "Model\Model.csproj", "{6308F7BB-734A-4E81-AB4A-FD89624DE4EA}"
EndProject
Global
	GlobalSection(SolutionConfigurationPlatforms) = preSolution
		Debug|Any CPU = Debug|Any CPU
		Debug|ARM = Debug|ARM
		Debug|x64 = Debug|x64
		Debug|x86 = Debug|x86
		Designer|Any CPU = Designer|Any CPU
		Designer|ARM = Designer|ARM
		Designer|x64 = Designer|x64
		Designer|x86 = Designer|x86
		Release|Any CPU = Release|Any CPU
		Release|ARM = Release|ARM
		Release|x64 = Release|x64
		Release|x86 = Release|x86
	EndGlobalSection
	GlobalSection(ProjectConfigurationPlatforms) = postSolution
		{5AC42459-C775-4DE0-A241-E50FF9D524E1}.Debug|Any CPU.ActiveCfg = Debug|Any CPU
		{5AC42459-C775-4DE0-A241-E50FF9D524E1}.Debug|Any CPU.Build.0 = Debug|Any CPU
		{5AC42459-C775-4DE0-A241-E50FF9D524E1}.Debug|Any CPU.Deploy.0 = Debug|Any CPU
		{5AC42459-C775-4DE0-A241-E50FF9D524E1}.Debug|ARM.ActiveCfg = Debug|ARM
		{5AC42459-C775-4DE0-A241-E50FF9D524E1}.Debug|ARM.Build.0 = Debug|ARM
		{5AC42459-C775-4DE0-A241-E50FF9D524E1}.Debug|ARM.Deploy.0 = Debug|ARM
		{5AC42459-C775-4DE0-A241-E50FF9D524E1}.Debug|x64.ActiveCfg = Debug|x64
		{5AC42459-C775-4DE0-A241-E50FF9D524E1}.Debug|x64.Build.0 = Debug|x64
		{5AC42459-C775-4DE0-A241-E50FF9D524E1}.Debug|x64.Deploy.0 = Debug|x64
		{5AC42459-C775-4DE0-A241-E50FF9D524E1}.Debug|x86.ActiveCfg = Debug|x86
		{5AC42459-C775-4DE0-A241-E50FF9D524E1}.Debug|x86.Build.0 = Debug|x86
		{5AC42459-C775-4DE0-A241-E50FF9D524E1}.Debug|x86.Deploy.0 = Debug|x86
		{5AC42459-C775-4DE0-A241-E50FF9D524E1}.Designer|Any CPU.ActiveCfg = Debug|Any CPU
		{5AC42459-C775-4DE0-A241-E50FF9D524E1}.Designer|ARM.ActiveCfg = Debug|ARM
		{5AC42459-C775-4DE0-A241-E50FF9D524E1}.Designer|x64.ActiveCfg = Debug|x64
		{5AC42459-C775-4DE0-A241-E50FF9D524E1}.Designer|x86.ActiveCfg = Debug|x86
		{5AC42459-C775-4DE0-A241-E50FF9D524E1}.Release|Any CPU.ActiveCfg = Release|Any CPU
		{5AC42459-C775-4DE0-A241-E50FF9D524E1}.Release|Any CPU.Build.0 = Release|Any CPU
		{5AC42459-C775-4DE0-A241-E50FF9D524E1}.Release|Any CPU.Deploy.0 = Release|Any CPU
		{5AC42459-C775-4DE0-A241-E50FF9D524E1}.Release|ARM.ActiveCfg = Release|ARM
		{5AC42459-C775-4DE0-A241-E50FF9D524E1}.Release|ARM.Build.0 = Release|ARM
		{5AC42459-C775-4DE0-A241-E50FF9D524E1}.Release|ARM.Deploy.0 = Release|ARM
		{5AC42459-C775-4DE0-A241-E50FF9D524E1}.Release|x64.ActiveCfg = Release|x64
		{5AC42459-C775-4DE0-A241-E50FF9D524E1}.Release|x64.Build.0 = Release|x64
		{5AC42459-C775-4DE0-A241-E50FF9D524E1}.Release|x64.Deploy.0 = Release|x64
		{5AC42459-C775-4DE0-A241-E50FF9D524E1}.Release|x86.ActiveCfg = Release|x86
		{5AC42459-C775-4DE0-A241-E50FF9D524E1}.Release|x86.Build.0 = Release|x86
		{5AC42459-C775-4DE0-A241-E50FF9D524E1}.Release|x86.Deploy.0 = Release|x86
		{56A7DEC6-E447-4DF5-A9C0-CF4C2BD77E33}.Debug|Any CPU.ActiveCfg = Debug|Any CPU
		{56A7DEC6-E447-4DF5-A9C0-CF4C2BD77E33}.Debug|Any CPU.Build.0 = Debug|Any CPU
		{56A7DEC6-E447-4DF5-A9C0-CF4C2BD77E33}.Debug|Any CPU.Deploy.0 = Debug|Any CPU
		{56A7DEC6-E447-4DF5-A9C0-CF4C2BD77E33}.Debug|ARM.ActiveCfg = Debug|ARM
		{56A7DEC6-E447-4DF5-A9C0-CF4C2BD77E33}.Debug|ARM.Build.0 = Debug|ARM
		{56A7DEC6-E447-4DF5-A9C0-CF4C2BD77E33}.Debug|ARM.Deploy.0 = Debug|ARM
		{56A7DEC6-E447-4DF5-A9C0-CF4C2BD77E33}.Debug|x64.ActiveCfg = Debug|Any CPU
		{56A7DEC6-E447-4DF5-A9C0-CF4C2BD77E33}.Debug|x86.ActiveCfg = Debug|x86
		{56A7DEC6-E447-4DF5-A9C0-CF4C2BD77E33}.Debug|x86.Build.0 = Debug|x86
		{56A7DEC6-E447-4DF5-A9C0-CF4C2BD77E33}.Debug|x86.Deploy.0 = Debug|x86
		{56A7DEC6-E447-4DF5-A9C0-CF4C2BD77E33}.Designer|Any CPU.ActiveCfg = Designer|Any CPU
		{56A7DEC6-E447-4DF5-A9C0-CF4C2BD77E33}.Designer|Any CPU.Build.0 = Designer|Any CPU
		{56A7DEC6-E447-4DF5-A9C0-CF4C2BD77E33}.Designer|Any CPU.Deploy.0 = Designer|Any CPU
		{56A7DEC6-E447-4DF5-A9C0-CF4C2BD77E33}.Designer|ARM.ActiveCfg = Designer|ARM
		{56A7DEC6-E447-4DF5-A9C0-CF4C2BD77E33}.Designer|ARM.Build.0 = Designer|ARM
		{56A7DEC6-E447-4DF5-A9C0-CF4C2BD77E33}.Designer|ARM.Deploy.0 = Designer|ARM
		{56A7DEC6-E447-4DF5-A9C0-CF4C2BD77E33}.Designer|x64.ActiveCfg = Designer|Any CPU
		{56A7DEC6-E447-4DF5-A9C0-CF4C2BD77E33}.Designer|x86.ActiveCfg = Designer|x86
		{56A7DEC6-E447-4DF5-A9C0-CF4C2BD77E33}.Designer|x86.Build.0 = Designer|x86
		{56A7DEC6-E447-4DF5-A9C0-CF4C2BD77E33}.Designer|x86.Deploy.0 = Designer|x86
		{56A7DEC6-E447-4DF5-A9C0-CF4C2BD77E33}.Release|Any CPU.ActiveCfg = Release|Any CPU
		{56A7DEC6-E447-4DF5-A9C0-CF4C2BD77E33}.Release|Any CPU.Build.0 = Release|Any CPU
		{56A7DEC6-E447-4DF5-A9C0-CF4C2BD77E33}.Release|Any CPU.Deploy.0 = Release|Any CPU
		{56A7DEC6-E447-4DF5-A9C0-CF4C2BD77E33}.Release|ARM.ActiveCfg = Release|ARM
		{56A7DEC6-E447-4DF5-A9C0-CF4C2BD77E33}.Release|ARM.Build.0 = Release|ARM
		{56A7DEC6-E447-4DF5-A9C0-CF4C2BD77E33}.Release|ARM.Deploy.0 = Release|ARM
		{56A7DEC6-E447-4DF5-A9C0-CF4C2BD77E33}.Release|x64.ActiveCfg = Release|Any CPU
		{56A7DEC6-E447-4DF5-A9C0-CF4C2BD77E33}.Release|x86.ActiveCfg = Release|x86
		{56A7DEC6-E447-4DF5-A9C0-CF4C2BD77E33}.Release|x86.Build.0 = Release|x86
		{56A7DEC6-E447-4DF5-A9C0-CF4C2BD77E33}.Release|x86.Deploy.0 = Release|x86
		{6308F7BB-734A-4E81-AB4A-FD89624DE4EA}.Debug|Any CPU.ActiveCfg = Debug|Any CPU
		{6308F7BB-734A-4E81-AB4A-FD89624DE4EA}.Debug|Any CPU.Build.0 = Debug|Any CPU
		{6308F7BB-734A-4E81-AB4A-FD89624DE4EA}.Debug|ARM.ActiveCfg = Debug|Any CPU
		{6308F7BB-734A-4E81-AB4A-FD89624DE4EA}.Debug|x64.ActiveCfg = Debug|Any CPU
		{6308F7BB-734A-4E81-AB4A-FD89624DE4EA}.Debug|x86.ActiveCfg = Debug|Any CPU
		{6308F7BB-734A-4E81-AB4A-FD89624DE4EA}.Designer|Any CPU.ActiveCfg = Designer|Any CPU
		{6308F7BB-734A-4E81-AB4A-FD89624DE4EA}.Designer|Any CPU.Build.0 = Designer|Any CPU
		{6308F7BB-734A-4E81-AB4A-FD89624DE4EA}.Designer|ARM.ActiveCfg = Designer|Any CPU
		{6308F7BB-734A-4E81-AB4A-FD89624DE4EA}.Designer|x64.ActiveCfg = Designer|Any CPU
		{6308F7BB-734A-4E81-AB4A-FD89624DE4EA}.Designer|x86.ActiveCfg = Designer|Any CPU
		{6308F7BB-734A-4E81-AB4A-FD89624DE4EA}.Release|Any CPU.ActiveCfg = Release|Any CPU
		{6308F7BB-734A-4E81-AB4A-FD89624DE4EA}.Release|Any CPU.Build.0 = Release|Any CPU
		{6308F7BB-734A-4E81-AB4A-FD89624DE4EA}.Release|ARM.ActiveCfg = Release|Any CPU
		{6308F7BB-734A-4E81-AB4A-FD89624DE4EA}.Release|x64.ActiveCfg = Release|Any CPU
		{6308F7BB-734A-4E81-AB4A-FD89624DE4EA}.Release|x86.ActiveCfg = Release|Any CPU
	EndGlobalSection
	GlobalSection(SolutionProperties) = preSolution
		HideSolutionNode = FALSE
	EndGlobalSection
EndGlobal
